schema: '2.0'
stages:
  load_data:
    cmd: python src/load_data.py --config=params.yaml
    deps:
    - path: data_given/cardata.csv
      md5: 94d08bd3cf46e3266ad41d935780a5bb
      size: 17209
    - path: src/get_data.py
      md5: 881f329b0b4c7130807e7295abd3ebaf
      size: 696
    - path: src/load_data.py
      md5: efbf5a8c67485eda7de0d5c0acb5234a
      size: 583
    outs:
    - path: data/raw/cardata.csv
      md5: 0958686e6b93759b272d6f2a84639c25
      size: 17275
  clean_data:
    cmd: python src/clean_data.py --config=params.yaml
    deps:
    - path: data/raw/cardata.csv
      md5: 0958686e6b93759b272d6f2a84639c25
      size: 17275
    - path: src/get_data.py
      md5: 881f329b0b4c7130807e7295abd3ebaf
      size: 696
    - path: src/load_data.py
      md5: efbf5a8c67485eda7de0d5c0acb5234a
      size: 583
    outs:
    - path: data/clean/cardata.csv
      md5: ea2e90389eb7abbbd06742eee10ee3aa
      size: 8945
  split_data:
    cmd: python src/split_data.py --config=params.yaml
    deps:
    - path: data/clean/cardata.csv
      md5: ea2e90389eb7abbbd06742eee10ee3aa
      size: 8945
    - path: src/split_data.py
      md5: 4f73365f6908fc6d099c47769c9c5666
      size: 1008
    outs:
    - path: data/processed/test_cardata.csv
      md5: 890cd890426adbf4a3a8174b4762a362
      size: 2772
    - path: data/processed/train_cardata.csv
      md5: 863c9ad8ef10fbd13720ba25f0474baa
      size: 6259
